
Microsoft Visual Studio Solution File, Format Version 12.00
# Visual Studio Version 17
VisualStudioVersion = 17.13.35825.156
MinimumVisualStudioVersion = 10.0.40219.1
Project("{FAE04EC0-301F-11D3-BF4B-00C04F79EFBC}") = "RestauranteApi", "RestauranteApi\RestauranteApi.csproj", "{7C1CDE0B-3786-4301-8226-075FB69EC0F4}"
EndProject
Global
	GlobalSection(SolutionConfigurationPlatforms) = preSolution
		Debug|Any CPU = Debug|Any CPU
		Release|Any CPU = Release|Any CPU
	EndGlobalSection
	GlobalSection(ProjectConfigurationPlatforms) = postSolution
		{7C1CDE0B-3786-4301-8226-075FB69EC0F4}.Debug|Any CPU.ActiveCfg = Debug|Any CPU
		{7C1CDE0B-3786-4301-8226-075FB69EC0F4}.Debug|Any CPU.Build.0 = Debug|Any CPU
		{7C1CDE0B-3786-4301-8226-075FB69EC0F4}.Release|Any CPU.ActiveCfg = Release|Any CPU
		{7C1CDE0B-3786-4301-8226-075FB69EC0F4}.Release|Any CPU.Build.0 = Release|Any CPU
	EndGlobalSection
	GlobalSection(SolutionProperties) = preSolution
		HideSolutionNode = FALSE
	EndGlobalSection
	GlobalSection(ExtensibilityGlobals) = postSolution
		SolutionGuid = {70C5572D-85F1-4DCD-AA05-C1842D388D37}
	EndGlobalSection
EndGlobal
